
Microsoft Visual Studio Solution File, Format Version 12.00
# Visual Studio Version 17
VisualStudioVersion = 17.3.32825.248
MinimumVisualStudioVersion = 10.0.40219.1
Project("{FAE04EC0-301F-11D3-BF4B-00C04F79EFBC}") = "Veiculos", "Veiculos\Veiculos.csproj", "{437EB016-28A3-410E-9CB2-03B61F3B92E2}"
EndProject
Global
	GlobalSection(SolutionConfigurationPlatforms) = preSolution
		Debug|Any CPU = Debug|Any CPU
		Release|Any CPU = Release|Any CPU
	EndGlobalSection
	GlobalSection(ProjectConfigurationPlatforms) = postSolution
		{437EB016-28A3-410E-9CB2-03B61F3B92E2}.Debug|Any CPU.ActiveCfg = Debug|Any CPU
		{437EB016-28A3-410E-9CB2-03B61F3B92E2}.Debug|Any CPU.Build.0 = Debug|Any CPU
		{437EB016-28A3-410E-9CB2-03B61F3B92E2}.Release|Any CPU.ActiveCfg = Release|Any CPU
		{437EB016-28A3-410E-9CB2-03B61F3B92E2}.Release|Any CPU.Build.0 = Release|Any CPU
	EndGlobalSection
	GlobalSection(SolutionProperties) = preSolution
		HideSolutionNode = FALSE
	EndGlobalSection
	GlobalSection(ExtensibilityGlobals) = postSolution
		SolutionGuid = {F504EABF-37F1-43DB-A5EA-60CF97B09D0F}
	EndGlobalSection
EndGlobal
